
Microsoft Visual Studio Solution File, Format Version 12.00
# Visual Studio Version 17
VisualStudioVersion = 17.13.35919.96 d17.13
MinimumVisualStudioVersion = 10.0.40219.1
Project("{FAE04EC0-301F-11D3-BF4B-00C04F79EFBC}") = "webapp", "webapp\webapp.csproj", "{B733574C-C1EE-4891-8C49-0F56675B5600}"
EndProject
Global
	GlobalSection(SolutionConfigurationPlatforms) = preSolution
		Debug|Any CPU = Debug|Any CPU
		Release|Any CPU = Release|Any CPU
	EndGlobalSection
	GlobalSection(ProjectConfigurationPlatforms) = postSolution
		{B733574C-C1EE-4891-8C49-0F56675B5600}.Debug|Any CPU.ActiveCfg = Debug|Any CPU
		{B733574C-C1EE-4891-8C49-0F56675B5600}.Debug|Any CPU.Build.0 = Debug|Any CPU
		{B733574C-C1EE-4891-8C49-0F56675B5600}.Release|Any CPU.ActiveCfg = Release|Any CPU
		{B733574C-C1EE-4891-8C49-0F56675B5600}.Release|Any CPU.Build.0 = Release|Any CPU
	EndGlobalSection
	GlobalSection(SolutionProperties) = preSolution
		HideSolutionNode = FALSE
	EndGlobalSection
	GlobalSection(ExtensibilityGlobals) = postSolution
		SolutionGuid = {1F55E5BD-731F-4FDF-8B55-139E6577B6AA}
	EndGlobalSection
EndGlobal
